// !$*UTF8*$!
{
	archiveVersion = 1;
	classes = {
	};
	objectVersion = 56;
	objects = {

/* Begin PBXBuildFile section */
		5786C5592BB6C1C600234816 /* UIcolor+ext.swift in Sources */ = {isa = PBXBuildFile; fileRef = 5786C5582BB6C1C600234816 /* UIcolor+ext.swift */; };
		57E5419C2BB5A9E900C09422 /* AppDelegate.swift in Sources */ = {isa = PBXBuildFile; fileRef = 57E5419B2BB5A9E900C09422 /* AppDelegate.swift */; };
		57E5419E2BB5A9E900C09422 /* SceneDelegate.swift in Sources */ = {isa = PBXBuildFile; fileRef = 57E5419D2BB5A9E900C09422 /* SceneDelegate.swift */; };
		57E541A02BB5A9E900C09422 /* ViewController.swift in Sources */ = {isa = PBXBuildFile; fileRef = 57E5419F2BB5A9E900C09422 /* ViewController.swift */; };
		57E541A32BB5A9E900C09422 /* Main.storyboard in Resources */ = {isa = PBXBuildFile; fileRef = 57E541A12BB5A9E900C09422 /* Main.storyboard */; };
		57E541A62BB5A9E900C09422 /* intro_uikit.xcdatamodeld in Sources */ = {isa = PBXBuildFile; fileRef = 57E541A42BB5A9E900C09422 /* intro_uikit.xcdatamodeld */; };
		57E541A82BB5A9EA00C09422 /* Assets.xcassets in Resources */ = {isa = PBXBuildFile; fileRef = 57E541A72BB5A9EA00C09422 /* Assets.xcassets */; };
		57E541AB2BB5A9EA00C09422 /* LaunchScreen.storyboard in Resources */ = {isa = PBXBuildFile; fileRef = 57E541A92BB5A9EA00C09422 /* LaunchScreen.storyboard */; };
		57E541B52BB5B6C400C09422 /* TabbarColorVC.swift in Sources */ = {isa = PBXBuildFile; fileRef = 57E541B42BB5B6C400C09422 /* TabbarColorVC.swift */; };
		57E541B72BB5B88500C09422 /* ColorDetialsVC.swift in Sources */ = {isa = PBXBuildFile; fileRef = 57E541B62BB5B88500C09422 /* ColorDetialsVC.swift */; };
/* End PBXBuildFile section */

/* Begin PBXFileReference section */
		5786C5582BB6C1C600234816 /* UIcolor+ext.swift */ = {isa = PBXFileReference; lastKnownFileType = sourcecode.swift; path = "UIcolor+ext.swift"; sourceTree = "<group>"; };
		57E541982BB5A9E900C09422 /* intro_uikit.app */ = {isa = PBXFileReference; explicitFileType = wrapper.application; includeInIndex = 0; path = intro_uikit.app; sourceTree = BUILT_PRODUCTS_DIR; };
		57E5419B2BB5A9E900C09422 /* AppDelegate.swift */ = {isa = PBXFileReference; lastKnownFileType = sourcecode.swift; path = AppDelegate.swift; sourceTree = "<group>"; };
		57E5419D2BB5A9E900C09422 /* SceneDelegate.swift */ = {isa = PBXFileReference; lastKnownFileType = sourcecode.swift; path = SceneDelegate.swift; sourceTree = "<group>"; };
		57E5419F2BB5A9E900C09422 /* ViewController.swift */ = {isa = PBXFileReference; lastKnownFileType = sourcecode.swift; path = ViewController.swift; sourceTree = "<group>"; };
		57E541A22BB5A9E900C09422 /* Base */ = {isa = PBXFileReference; lastKnownFileType = file.storyboard; name = Base; path = Base.lproj/Main.storyboard; sourceTree = "<group>"; };
		57E541A52BB5A9E900C09422 /* intro_uikit.xcdatamodel */ = {isa = PBXFileReference; lastKnownFileType = wrapper.xcdatamodel; path = intro_uikit.xcdatamodel; sourceTree = "<group>"; };
		57E541A72BB5A9EA00C09422 /* Assets.xcassets */ = {isa = PBXFileReference; lastKnownFileType = folder.assetcatalog; path = Assets.xcassets; sourceTree = "<group>"; };
		57E541AA2BB5A9EA00C09422 /* Base */ = {isa = PBXFileReference; lastKnownFileType = file.storyboard; name = Base; path = Base.lproj/LaunchScreen.storyboard; sourceTree = "<group>"; };
		57E541AC2BB5A9EA00C09422 /* Info.plist */ = {isa = PBXFileReference; lastKnownFileType = text.plist.xml; path = Info.plist; sourceTree = "<group>"; };
		57E541B42BB5B6C400C09422 /* TabbarColorVC.swift */ = {isa = PBXFileReference; lastKnownFileType = sourcecode.swift; path = TabbarColorVC.swift; sourceTree = "<group>"; };
		57E541B62BB5B88500C09422 /* ColorDetialsVC.swift */ = {isa = PBXFileReference; lastKnownFileType = sourcecode.swift; path = ColorDetialsVC.swift; sourceTree = "<group>"; };
/* End PBXFileReference section */

/* Begin PBXFrameworksBuildPhase section */
		57E541952BB5A9E900C09422 /* Frameworks */ = {
			isa = PBXFrameworksBuildPhase;
			buildActionMask = 2147483647;
			files = (
			);
			runOnlyForDeploymentPostprocessing = 0;
		};
/* End PBXFrameworksBuildPhase section */

/* Begin PBXGroup section */
		57E5418F2BB5A9E900C09422 = {
			isa = PBXGroup;
			children = (
				57E5419A2BB5A9E900C09422 /* intro_uikit */,
				57E541992BB5A9E900C09422 /* Products */,
			);
			sourceTree = "<group>";
		};
		57E541992BB5A9E900C09422 /* Products */ = {
			isa = PBXGroup;
			children = (
				57E541982BB5A9E900C09422 /* intro_uikit.app */,
			);
			name = Products;
			sourceTree = "<group>";
		};
		57E5419A2BB5A9E900C09422 /* intro_uikit */ = {
			isa = PBXGroup;
			children = (
				57E5419B2BB5A9E900C09422 /* AppDelegate.swift */,
				57E5419D2BB5A9E900C09422 /* SceneDelegate.swift */,
				57E541B42BB5B6C400C09422 /* TabbarColorVC.swift */,
				57E5419F2BB5A9E900C09422 /* ViewController.swift */,
				57E541A12BB5A9E900C09422 /* Main.storyboard */,
				57E541A72BB5A9EA00C09422 /* Assets.xcassets */,
				57E541A92BB5A9EA00C09422 /* LaunchScreen.storyboard */,
				57E541AC2BB5A9EA00C09422 /* Info.plist */,
				57E541A42BB5A9E900C09422 /* intro_uikit.xcdatamodeld */,
				57E541B62BB5B88500C09422 /* ColorDetialsVC.swift */,
				5786C5582BB6C1C600234816 /* UIcolor+ext.swift */,
			);
			path = intro_uikit;
			sourceTree = "<group>";
		};
/* End PBXGroup section */

/* Begin PBXNativeTarget section */
		57E541972BB5A9E900C09422 /* intro_uikit */ = {
			isa = PBXNativeTarget;
			buildConfigurationList = 57E541AF2BB5A9EA00C09422 /* Build configuration list for PBXNativeTarget "intro_uikit" */;
			buildPhases = (
				57E541942BB5A9E900C09422 /* Sources */,
				57E541952BB5A9E900C09422 /* Frameworks */,
				57E541962BB5A9E900C09422 /* Resources */,
			);
			buildRules = (
			);
			dependencies = (
			);
			name = intro_uikit;
			productName = intro_uikit;
			productReference = 57E541982BB5A9E900C09422 /* intro_uikit.app */;
			productType = "com.apple.product-type.application";
		};
/* End PBXNativeTarget section */

/* Begin PBXProject section */
		57E541902BB5A9E900C09422 /* Project object */ = {
			isa = PBXProject;
			attributes = {
				BuildIndependentTargetsInParallel = 1;
				LastSwiftUpdateCheck = 1500;
				LastUpgradeCheck = 1500;
				TargetAttributes = {
					57E541972BB5A9E900C09422 = {
						CreatedOnToolsVersion = 15.0;
					};
				};
			};
			buildConfigurationList = 57E541932BB5A9E900C09422 /* Build configuration list for PBXProject "intro_uikit" */;
			compatibilityVersion = "Xcode 14.0";
			developmentRegion = en;
			hasScannedForEncodings = 0;
			knownRegions = (
				en,
				Base,
			);
			mainGroup = 57E5418F2BB5A9E900C09422;
			productRefGroup = 57E541992BB5A9E900C09422 /* Products */;
			projectDirPath = "";
			projectRoot = "";
			targets = (
				57E541972BB5A9E900C09422 /* intro_uikit */,
			);
		};
/* End PBXProject section */

/* Begin PBXResourcesBuildPhase section */
		57E541962BB5A9E900C09422 /* Resources */ = {
			isa = PBXResourcesBuildPhase;
			buildActionMask = 2147483647;
			files = (
				57E541AB2BB5A9EA00C09422 /* LaunchScreen.storyboard in Resources */,
				57E541A82BB5A9EA00C09422 /* Assets.xcassets in Resources */,
				57E541A32BB5A9E900C09422 /* Main.storyboard in Resources */,
			);
			runOnlyForDeploymentPostprocessing = 0;
		};
/* End PBXResourcesBuildPhase section */

/* Begin PBXSourcesBuildPhase section */
		57E541942BB5A9E900C09422 /* Sources */ = {
			isa = PBXSourcesBuildPhase;
			buildActionMask = 2147483647;
			files = (
				57E541A02BB5A9E900C09422 /* ViewController.swift in Sources */,
				57E541A62BB5A9E900C09422 /* intro_uikit.xcdatamodeld in Sources */,
				5786C5592BB6C1C600234816 /* UIcolor+ext.swift in Sources */,
				57E5419C2BB5A9E900C09422 /* AppDelegate.swift in Sources */,
				57E541B72BB5B88500C09422 /* ColorDetialsVC.swift in Sources */,
				57E541B52BB5B6C400C09422 /* TabbarColorVC.swift in Sources */,
				57E5419E2BB5A9E900C09422 /* SceneDelegate.swift in Sources */,
			);
			runOnlyForDeploymentPostprocessing = 0;
		};
/* End PBXSourcesBuildPhase section */

/* Begin PBXVariantGroup section */
		57E541A12BB5A9E900C09422 /* Main.storyboard */ = {
			isa = PBXVariantGroup;
			children = (
				57E541A22BB5A9E900C09422 /* Base */,
			);
			name = Main.storyboard;
			sourceTree = "<group>";
		};
		57E541A92BB5A9EA00C09422 /* LaunchScreen.storyboard */ = {
			isa = PBXVariantGroup;
			children = (
				57E541AA2BB5A9EA00C09422 /* Base */,
			);
			name = LaunchScreen.storyboard;
			sourceTree = "<group>";
		};
/* End PBXVariantGroup section */

/* Begin XCBuildConfiguration section */
		57E541AD2BB5A9EA00C09422 /* Debug */ = {
			isa = XCBuildConfiguration;
			buildSettings = {
				ALWAYS_SEARCH_USER_PATHS = NO;
				ASSETCATALOG_COMPILER_GENERATE_SWIFT_ASSET_SYMBOL_EXTENSIONS = YES;
				CLANG_ANALYZER_NONNULL = YES;
				CLANG_ANALYZER_NUMBER_OBJECT_CONVERSION = YES_AGGRESSIVE;
				CLANG_CXX_LANGUAGE_STANDARD = "gnu++20";
				CLANG_ENABLE_MODULES = YES;
				CLANG_ENABLE_OBJC_ARC = YES;
				CLANG_ENABLE_OBJC_WEAK = YES;
				CLANG_WARN_BLOCK_CAPTURE_AUTORELEASING = YES;
				CLANG_WARN_BOOL_CONVERSION = YES;
				CLANG_WARN_COMMA = YES;
				CLANG_WARN_CONSTANT_CONVERSION = YES;
				CLANG_WARN_DEPRECATED_OBJC_IMPLEMENTATIONS = YES;
				CLANG_WARN_DIRECT_OBJC_ISA_USAGE = YES_ERROR;
				CLANG_WARN_DOCUMENTATION_COMMENTS = YES;
				CLANG_WARN_EMPTY_BODY = YES;
				CLANG_WARN_ENUM_CONVERSION = YES;
				CLANG_WARN_INFINITE_RECURSION = YES;
				CLANG_WARN_INT_CONVERSION = YES;
				CLANG_WARN_NON_LITERAL_NULL_CONVERSION = YES;
				CLANG_WARN_OBJC_IMPLICIT_RETAIN_SELF = YES;
				CLANG_WARN_OBJC_LITERAL_CONVERSION = YES;
				CLANG_WARN_OBJC_ROOT_CLASS = YES_ERROR;
				CLANG_WARN_QUOTED_INCLUDE_IN_FRAMEWORK_HEADER = YES;
				CLANG_WARN_RANGE_LOOP_ANALYSIS = YES;
				CLANG_WARN_STRICT_PROTOTYPES = YES;
				CLANG_WARN_SUSPICIOUS_MOVE = YES;
				CLANG_WARN_UNGUARDED_AVAILABILITY = YES_AGGRESSIVE;
				CLANG_WARN_UNREACHABLE_CODE = YES;
				CLANG_WARN__DUPLICATE_METHOD_MATCH = YES;
				COPY_PHASE_STRIP = NO;
				DEBUG_INFORMATION_FORMAT = dwarf;
				ENABLE_STRICT_OBJC_MSGSEND = YES;
				ENABLE_TESTABILITY = YES;
				ENABLE_USER_SCRIPT_SANDBOXING = YES;
				GCC_C_LANGUAGE_STANDARD = gnu17;
				GCC_DYNAMIC_NO_PIC = NO;
				GCC_NO_COMMON_BLOCKS = YES;
				GCC_OPTIMIZATION_LEVEL = 0;
				GCC_PREPROCESSOR_DEFINITIONS = (
					"DEBUG=1",
					"$(inherited)",
				);
				GCC_WARN_64_TO_32_BIT_CONVERSION = YES;
				GCC_WARN_ABOUT_RETURN_TYPE = YES_ERROR;
				GCC_WARN_UNDECLARED_SELECTOR = YES;
				GCC_WARN_UNINITIALIZED_AUTOS = YES_AGGRESSIVE;
				GCC_WARN_UNUSED_FUNCTION = YES;
				GCC_WARN_UNUSED_VARIABLE = YES;
				IPHONEOS_DEPLOYMENT_TARGET = 17.0;
				LOCALIZATION_PREFERS_STRING_CATALOGS = YES;
				MTL_ENABLE_DEBUG_INFO = INCLUDE_SOURCE;
				MTL_FAST_MATH = YES;
				ONLY_ACTIVE_ARCH = YES;
				SDKROOT = iphoneos;
				SWIFT_ACTIVE_COMPILATION_CONDITIONS = "DEBUG $(inherited)";
				SWIFT_OPTIMIZATION_LEVEL = "-Onone";
			};
			name = Debug;
		};
		57E541AE2BB5A9EA00C09422 /* Release */ = {
			isa = XCBuildConfiguration;
			buildSettings = {
				ALWAYS_SEARCH_USER_PATHS = NO;
				ASSETCATALOG_COMPILER_GENERATE_SWIFT_ASSET_SYMBOL_EXTENSIONS = YES;
				CLANG_ANALYZER_NONNULL = YES;
				CLANG_ANALYZER_NUMBER_OBJECT_CONVERSION = YES_AGGRESSIVE;
				CLANG_CXX_LANGUAGE_STANDARD = "gnu++20";
				CLANG_ENABLE_MODULES = YES;
				CLANG_ENABLE_OBJC_ARC = YES;
				CLANG_ENABLE_OBJC_WEAK = YES;
				CLANG_WARN_BLOCK_CAPTURE_AUTORELEASING = YES;
				CLANG_WARN_BOOL_CONVERSION = YES;
				CLANG_WARN_COMMA = YES;
				CLANG_WARN_CONSTANT_CONVERSION = YES;
				CLANG_WARN_DEPRECATED_OBJC_IMPLEMENTATIONS = YES;
				CLANG_WARN_DIRECT_OBJC_ISA_USAGE = YES_ERROR;
				CLANG_WARN_DOCUMENTATION_COMMENTS = YES;
				CLANG_WARN_EMPTY_BODY = YES;
				CLANG_WARN_ENUM_CONVERSION = YES;
				CLANG_WARN_INFINITE_RECURSION = YES;
				CLANG_WARN_INT_CONVERSION = YES;
				CLANG_WARN_NON_LITERAL_NULL_CONVERSION = YES;
				CLANG_WARN_OBJC_IMPLICIT_RETAIN_SELF = YES;
				CLANG_WARN_OBJC_LITERAL_CONVERSION = YES;
				CLANG_WARN_OBJC_ROOT_CLASS = YES_ERROR;
				CLANG_WARN_QUOTED_INCLUDE_IN_FRAMEWORK_HEADER = YES;
				CLANG_WARN_RANGE_LOOP_ANALYSIS = YES;
				CLANG_WARN_STRICT_PROTOTYPES = YES;
				CLANG_WARN_SUSPICIOUS_MOVE = YES;
				CLANG_WARN_UNGUARDED_AVAILABILITY = YES_AGGRESSIVE;
				CLANG_WARN_UNREACHABLE_CODE = YES;
				CLANG_WARN__DUPLICATE_METHOD_MATCH = YES;
				COPY_PHASE_STRIP = NO;
				DEBUG_INFORMATION_FORMAT = "dwarf-with-dsym";
				ENABLE_NS_ASSERTIONS = NO;
				ENABLE_STRICT_OBJC_MSGSEND = YES;
				ENABLE_USER_SCRIPT_SANDBOXING = YES;
				GCC_C_LANGUAGE_STANDARD = gnu17;
				GCC_NO_COMMON_BLOCKS = YES;
				GCC_WARN_64_TO_32_BIT_CONVERSION = YES;
				GCC_WARN_ABOUT_RETURN_TYPE = YES_ERROR;
				GCC_WARN_UNDECLARED_SELECTOR = YES;
				GCC_WARN_UNINITIALIZED_AUTOS = YES_AGGRESSIVE;
				GCC_WARN_UNUSED_FUNCTION = YES;
				GCC_WARN_UNUSED_VARIABLE = YES;
				IPHONEOS_DEPLOYMENT_TARGET = 17.0;
				LOCALIZATION_PREFERS_STRING_CATALOGS = YES;
				MTL_ENABLE_DEBUG_INFO = NO;
				MTL_FAST_MATH = YES;
				SDKROOT = iphoneos;
				SWIFT_COMPILATION_MODE = wholemodule;
				VALIDATE_PRODUCT = YES;
			};
			name = Release;
		};
		57E541B02BB5A9EA00C09422 /* Debug */ = {
			isa = XCBuildConfiguration;
			buildSettings = {
				ASSETCATALOG_COMPILER_APPICON_NAME = AppIcon;
				ASSETCATALOG_COMPILER_GLOBAL_ACCENT_COLOR_NAME = AccentColor;
				CODE_SIGN_STYLE = Automatic;
				CURRENT_PROJECT_VERSION = 1;
				DEVELOPMENT_TEAM = UFVT388RX5;
				GENERATE_INFOPLIST_FILE = YES;
				INFOPLIST_FILE = intro_uikit/Info.plist;
				INFOPLIST_KEY_UIApplicationSupportsIndirectInputEvents = YES;
				INFOPLIST_KEY_UILaunchStoryboardName = LaunchScreen;
				INFOPLIST_KEY_UIMainStoryboardFile = Main;
				INFOPLIST_KEY_UISupportedInterfaceOrientations_iPad = "UIInterfaceOrientationPortrait UIInterfaceOrientationPortraitUpsideDown UIInterfaceOrientationLandscapeLeft UIInterfaceOrientationLandscapeRight";
				INFOPLIST_KEY_UISupportedInterfaceOrientations_iPhone = "UIInterfaceOrientationPortrait UIInterfaceOrientationLandscapeLeft UIInterfaceOrientationLandscapeRight";
				LD_RUNPATH_SEARCH_PATHS = (
					"$(inherited)",
					"@executable_path/Frameworks",
				);
				MARKETING_VERSION = 1.0;
				PRODUCT_BUNDLE_IDENTIFIER = "com.korn.intro-uikit";
				PRODUCT_NAME = "$(TARGET_NAME)";
				SWIFT_EMIT_LOC_STRINGS = YES;
				SWIFT_VERSION = 5.0;
				TARGETED_DEVICE_FAMILY = "1,2";
			};
			name = Debug;
		};
		57E541B12BB5A9EA00C09422 /* Release */ = {
			isa = XCBuildConfiguration;
			buildSettings = {
				ASSETCATALOG_COMPILER_APPICON_NAME = AppIcon;
				ASSETCATALOG_COMPILER_GLOBAL_ACCENT_COLOR_NAME = AccentColor;
				CODE_SIGN_STYLE = Automatic;
				CURRENT_PROJECT_VERSION = 1;
				DEVELOPMENT_TEAM = UFVT388RX5;
				GENERATE_INFOPLIST_FILE = YES;
				INFOPLIST_FILE = intro_uikit/Info.plist;
				INFOPLIST_KEY_UIApplicationSupportsIndirectInputEvents = YES;
				INFOPLIST_KEY_UILaunchStoryboardName = LaunchScreen;
				INFOPLIST_KEY_UIMainStoryboardFile = Main;
				INFOPLIST_KEY_UISupportedInterfaceOrientations_iPad = "UIInterfaceOrientationPortrait UIInterfaceOrientationPortraitUpsideDown UIInterfaceOrientationLandscapeLeft UIInterfaceOrientationLandscapeRight";
				INFOPLIST_KEY_UISupportedInterfaceOrientations_iPhone = "UIInterfaceOrientationPortrait UIInterfaceOrientationLandscapeLeft UIInterfaceOrientationLandscapeRight";
				LD_RUNPATH_SEARCH_PATHS = (
					"$(inherited)",
					"@executable_path/Frameworks",
				);
				MARKETING_VERSION = 1.0;
				PRODUCT_BUNDLE_IDENTIFIER = "com.korn.intro-uikit";
				PRODUCT_NAME = "$(TARGET_NAME)";
				SWIFT_EMIT_LOC_STRINGS = YES;
				SWIFT_VERSION = 5.0;
				TARGETED_DEVICE_FAMILY = "1,2";
			};
			name = Release;
		};
/* End XCBuildConfiguration section */

/* Begin XCConfigurationList section */
		57E541932BB5A9E900C09422 /* Build configuration list for PBXProject "intro_uikit" */ = {
			isa = XCConfigurationList;
			buildConfigurations = (
				57E541AD2BB5A9EA00C09422 /* Debug */,
				57E541AE2BB5A9EA00C09422 /* Release */,
			);
			defaultConfigurationIsVisible = 0;
			defaultConfigurationName = Release;
		};
		57E541AF2BB5A9EA00C09422 /* Build configuration list for PBXNativeTarget "intro_uikit" */ = {
			isa = XCConfigurationList;
			buildConfigurations = (
				57E541B02BB5A9EA00C09422 /* Debug */,
				57E541B12BB5A9EA00C09422 /* Release */,
			);
			defaultConfigurationIsVisible = 0;
			defaultConfigurationName = Release;
		};
/* End XCConfigurationList section */

/* Begin XCVersionGroup section */
		57E541A42BB5A9E900C09422 /* intro_uikit.xcdatamodeld */ = {
			isa = XCVersionGroup;
			children = (
				57E541A52BB5A9E900C09422 /* intro_uikit.xcdatamodel */,
			);
			currentVersion = 57E541A52BB5A9E900C09422 /* intro_uikit.xcdatamodel */;
			path = intro_uikit.xcdatamodeld;
			sourceTree = "<group>";
			versionGroupType = wrapper.xcdatamodel;
		};
/* End XCVersionGroup section */
	};
	rootObject = 57E541902BB5A9E900C09422 /* Project object */;
}
